{
  "name": "SurvivAI-NextGen",
  "lockfileVersion": 3,
  "requires": true,
  "packages": {
    "": {
      "dependencies": {
        "bs-fetch": "^0.6.2"
      }
    },
    "node_modules/bs-fetch": {
      "version": "0.6.2",
      "resolved": "https://registry.npmjs.org/bs-fetch/-/bs-fetch-0.6.2.tgz",
      "integrity": "sha512-VXEjp8kY3vHPckaoy3d96Bx0KYjJAPLNISBwfpwMN26K6DtuZYwI2HKhx7zeHBajz1bRArfx7O8OOLcdtujMvg==",
      "license": "MIT"
    }
  }
}
